
Microsoft Visual Studio Solution File, Format Version 12.00
# Visual Studio Version 16
VisualStudioVersion = 16.0.29230.47
MinimumVisualStudioVersion = 10.0.40219.1
Project("{FAE04EC0-301F-11D3-BF4B-00C04F79EFBC}") = "AppOSWebApi", "AppOSWebApi\AppOSWebApi.csproj", "{4D445EF6-B7B2-44B1-B947-D6A9950489B3}"
EndProject
Global
	GlobalSection(SolutionConfigurationPlatforms) = preSolution
		Debug|Any CPU = Debug|Any CPU
		Release|Any CPU = Release|Any CPU
	EndGlobalSection
	GlobalSection(ProjectConfigurationPlatforms) = postSolution
		{4D445EF6-B7B2-44B1-B947-D6A9950489B3}.Debug|Any CPU.ActiveCfg = Debug|Any CPU
		{4D445EF6-B7B2-44B1-B947-D6A9950489B3}.Debug|Any CPU.Build.0 = Debug|Any CPU
		{4D445EF6-B7B2-44B1-B947-D6A9950489B3}.Release|Any CPU.ActiveCfg = Release|Any CPU
		{4D445EF6-B7B2-44B1-B947-D6A9950489B3}.Release|Any CPU.Build.0 = Release|Any CPU
	EndGlobalSection
	GlobalSection(SolutionProperties) = preSolution
		HideSolutionNode = FALSE
	EndGlobalSection
	GlobalSection(ExtensibilityGlobals) = postSolution
		SolutionGuid = {8560DA23-032E-4886-9696-C2A42CBAB845}
	EndGlobalSection
EndGlobal
